
Microsoft Visual Studio Solution File, Format Version 12.00
# Visual Studio Version 17
VisualStudioVersion = 17.0.32112.339
MinimumVisualStudioVersion = 10.0.40219.1
Project("{FAE04EC0-301F-11D3-BF4B-00C04F79EFBC}") = "Client_Template", "Client_Template\Client_Template.csproj", "{C8F24BDE-056B-496E-8F2D-BE20680F7A0F}"
EndProject
Global
	GlobalSection(SolutionConfigurationPlatforms) = preSolution
		Debug|Any CPU = Debug|Any CPU
		Release|Any CPU = Release|Any CPU
	EndGlobalSection
	GlobalSection(ProjectConfigurationPlatforms) = postSolution
		{C8F24BDE-056B-496E-8F2D-BE20680F7A0F}.Debug|Any CPU.ActiveCfg = Debug|Any CPU
		{C8F24BDE-056B-496E-8F2D-BE20680F7A0F}.Debug|Any CPU.Build.0 = Debug|Any CPU
		{C8F24BDE-056B-496E-8F2D-BE20680F7A0F}.Release|Any CPU.ActiveCfg = Release|Any CPU
		{C8F24BDE-056B-496E-8F2D-BE20680F7A0F}.Release|Any CPU.Build.0 = Release|Any CPU
	EndGlobalSection
	GlobalSection(SolutionProperties) = preSolution
		HideSolutionNode = FALSE
	EndGlobalSection
	GlobalSection(ExtensibilityGlobals) = postSolution
		SolutionGuid = {4E5297EC-205C-4C2C-A960-F355B09EBB2A}
	EndGlobalSection
EndGlobal
